
Microsoft Visual Studio Solution File, Format Version 12.00
# Visual Studio 15
VisualStudioVersion = 15.0.28306.52
MinimumVisualStudioVersion = 10.0.40219.1
Project("{FAE04EC0-301F-11D3-BF4B-00C04F79EFBC}") = "businessEntities", "businessEntities\businessEntities.csproj", "{38A78E4D-EBD5-44F7-B389-70C9F4CB7598}"
EndProject
Project("{FAE04EC0-301F-11D3-BF4B-00C04F79EFBC}") = "ContosoUniversity.DataAccessLayer", "ContosoUniversity.DataAccessLayer\ContosoUniversity.DataAccessLayer.csproj", "{2EF9D47C-BE5F-4A2B-B524-F7417F83F794}"
EndProject
Project("{FAE04EC0-301F-11D3-BF4B-00C04F79EFBC}") = "ContosoUniversity.BusinessLogicLayer", "ContosoUniversity.BusinessLogicLayer\ContosoUniversity.BusinessLogicLayer.csproj", "{234D0F1B-EDC2-4E55-B665-ABF7D2F77480}"
EndProject
Global
	GlobalSection(SolutionConfigurationPlatforms) = preSolution
		Debug|Any CPU = Debug|Any CPU
		Release|Any CPU = Release|Any CPU
	EndGlobalSection
	GlobalSection(ProjectConfigurationPlatforms) = postSolution
		{38A78E4D-EBD5-44F7-B389-70C9F4CB7598}.Debug|Any CPU.ActiveCfg = Debug|Any CPU
		{38A78E4D-EBD5-44F7-B389-70C9F4CB7598}.Debug|Any CPU.Build.0 = Debug|Any CPU
		{38A78E4D-EBD5-44F7-B389-70C9F4CB7598}.Release|Any CPU.ActiveCfg = Release|Any CPU
		{38A78E4D-EBD5-44F7-B389-70C9F4CB7598}.Release|Any CPU.Build.0 = Release|Any CPU
		{2EF9D47C-BE5F-4A2B-B524-F7417F83F794}.Debug|Any CPU.ActiveCfg = Debug|Any CPU
		{2EF9D47C-BE5F-4A2B-B524-F7417F83F794}.Debug|Any CPU.Build.0 = Debug|Any CPU
		{2EF9D47C-BE5F-4A2B-B524-F7417F83F794}.Release|Any CPU.ActiveCfg = Release|Any CPU
		{2EF9D47C-BE5F-4A2B-B524-F7417F83F794}.Release|Any CPU.Build.0 = Release|Any CPU
		{234D0F1B-EDC2-4E55-B665-ABF7D2F77480}.Debug|Any CPU.ActiveCfg = Debug|Any CPU
		{234D0F1B-EDC2-4E55-B665-ABF7D2F77480}.Debug|Any CPU.Build.0 = Debug|Any CPU
		{234D0F1B-EDC2-4E55-B665-ABF7D2F77480}.Release|Any CPU.ActiveCfg = Release|Any CPU
		{234D0F1B-EDC2-4E55-B665-ABF7D2F77480}.Release|Any CPU.Build.0 = Release|Any CPU
	EndGlobalSection
	GlobalSection(SolutionProperties) = preSolution
		HideSolutionNode = FALSE
	EndGlobalSection
	GlobalSection(ExtensibilityGlobals) = postSolution
		SolutionGuid = {3DC003AA-BCF9-43AB-BEBF-3B84683BA0ED}
	EndGlobalSection
EndGlobal
